<?xml version="1.0" encoding="utf-8"?>
<Project ToolsVersion="4.0" xmlns="http://schemas.microsoft.com/developer/msbuild/2003">
  <ItemGroup>
    <Filter Include="Source Files">
      <UniqueIdentifier>{4FC737F1-C7A5-4376-A066-2A32D752A2FF}</UniqueIdentifier>
      <Extensions>cpp;c;cc;cxx;c++;cppm;ixx;def;odl;idl;hpj;bat;asm;asmx</Extensions>
    </Filter>
    <Filter Include="Resource Files">
      <UniqueIdentifier>{67DA6AB6-F800-4c08-8B7A-83BB121AAD01}</UniqueIdentifier>
      <Extensions>rc;ico;cur;bmp;dlg;rc2;rct;bin;rgs;gif;jpg;jpeg;jpe;resx;tiff;tif;png;wav;mfcribbon-ms</Extensions>
    </Filter>
    <Filter Include="Components">
      <UniqueIdentifier>{730b0fdf-95ee-4ffa-862f-a06e105ccf30}</UniqueIdentifier>
    </Filter>
    <Filter Include="Input">
      <UniqueIdentifier>{5ea8756d-1449-4840-9314-82c8abffc8ab}</UniqueIdentifier>
    </Filter>
    <Filter Include="Observers">
      <UniqueIdentifier>{f27e6f3b-3429-4df5-acca-7bc1646e25e0}</UniqueIdentifier>
    </Filter>
  </ItemGroup>
  <ItemGroup>
    <ClCompile Include="LevelComponent.cpp">
      <Filter>Components</Filter>
    </ClCompile>
    <ClCompile Include="QBertComponent.cpp">
      <Filter>Components</Filter>
    </ClCompile>
    <ClCompile Include="QBert.cpp">
      <Filter>Source Files</Filter>
    </ClCompile>
    <ClCompile Include="LivesComponent.cpp">
      <Filter>Components</Filter>
    </ClCompile>
    <ClCompile Include="HealthComponent.cpp">
      <Filter>Components</Filter>
    </ClCompile>
    <ClCompile Include="PlayerIndexComponent.cpp">
      <Filter>Components</Filter>
    </ClCompile>
    <ClCompile Include="ScoreComponent.cpp">
      <Filter>Components</Filter>
    </ClCompile>
    <ClCompile Include="PlayerObserver.cpp">
      <Filter>Observers</Filter>
    </ClCompile>
    <ClCompile Include="pch.cpp">
      <Filter>Source Files</Filter>
    </ClCompile>
    <ClCompile Include="EnemySpawnerComponent.cpp">
      <Filter>Components</Filter>
    </ClCompile>
    <ClCompile Include="SlickAndSamComponent.cpp">
      <Filter>Components</Filter>
    </ClCompile>
  </ItemGroup>
  <ItemGroup>
    <ClInclude Include="GameCommands.h">
      <Filter>Input</Filter>
    </ClInclude>
    <ClInclude Include="LevelComponent.h">
      <Filter>Components</Filter>
    </ClInclude>
    <ClInclude Include="QBertComponent.h">
      <Filter>Components</Filter>
    </ClInclude>
    <ClInclude Include="LivesComponent.h">
      <Filter>Components</Filter>
    </ClInclude>
    <ClInclude Include="PlayerIndexComponent.h">
      <Filter>Components</Filter>
    </ClInclude>
    <ClInclude Include="ScoreComponent.h">
      <Filter>Components</Filter>
    </ClInclude>
    <ClInclude Include="HealthComponent.h">
      <Filter>Components</Filter>
    </ClInclude>
    <ClInclude Include="PlayerObserver.h">
      <Filter>Observers</Filter>
    </ClInclude>
    <ClInclude Include="pch.h">
      <Filter>Source Files</Filter>
    </ClInclude>
    <ClInclude Include="EnemySpawnerComponent.h">
      <Filter>Components</Filter>
    </ClInclude>
    <ClInclude Include="SlickAndSamComponent.h">
      <Filter>Components</Filter>
    </ClInclude>
  </ItemGroup>
</Project>